
Microsoft Visual Studio Solution File, Format Version 12.00
# Visual Studio Version 16
VisualStudioVersion = 16.0.30503.244
MinimumVisualStudioVersion = 10.0.40219.1
Project("{2150E333-8FDC-42A3-9474-1A3956D46DE8}") = "src", "src", "{48D493E3-152D-4072-9163-5511A36F9B5D}"
EndProject
Project("{2150E333-8FDC-42A3-9474-1A3956D46DE8}") = "tests", "tests", "{9D4718CC-2FEB-426F-AA9D-762135762F79}"
EndProject
Project("{9A19103F-16F7-4668-BE54-9A1E7A4F7556}") = "Api", "services\src\Api\Api.csproj", "{22C968DB-A1EA-4157-A3C1-8A686368DA98}"
EndProject
Global
	GlobalSection(SolutionConfigurationPlatforms) = preSolution
		Debug|Any CPU = Debug|Any CPU
		Release|Any CPU = Release|Any CPU
	EndGlobalSection
	GlobalSection(ProjectConfigurationPlatforms) = postSolution
		{22C968DB-A1EA-4157-A3C1-8A686368DA98}.Debug|Any CPU.ActiveCfg = Debug|Any CPU
		{22C968DB-A1EA-4157-A3C1-8A686368DA98}.Debug|Any CPU.Build.0 = Debug|Any CPU
		{22C968DB-A1EA-4157-A3C1-8A686368DA98}.Release|Any CPU.ActiveCfg = Release|Any CPU
		{22C968DB-A1EA-4157-A3C1-8A686368DA98}.Release|Any CPU.Build.0 = Release|Any CPU
	EndGlobalSection
	GlobalSection(SolutionProperties) = preSolution
		HideSolutionNode = FALSE
	EndGlobalSection
	GlobalSection(NestedProjects) = preSolution
		{22C968DB-A1EA-4157-A3C1-8A686368DA98} = {48D493E3-152D-4072-9163-5511A36F9B5D}
	EndGlobalSection
	GlobalSection(ExtensibilityGlobals) = postSolution
		SolutionGuid = {2CDDF4E3-F046-4005-878C-59FE2287DF65}
	EndGlobalSection
EndGlobal
